
Microsoft Visual Studio Solution File, Format Version 12.00
# Visual Studio Version 17
VisualStudioVersion = 17.6.33815.320
MinimumVisualStudioVersion = 10.0.40219.1
Project("{FAE04EC0-301F-11D3-BF4B-00C04F79EFBC}") = "Books.Orders", "Books.Orders\Books.Orders.csproj", "{192310DF-AB58-4729-A1FE-7F1618384067}"
EndProject
Global
	GlobalSection(SolutionConfigurationPlatforms) = preSolution
		Debug|Any CPU = Debug|Any CPU
		Release|Any CPU = Release|Any CPU
	EndGlobalSection
	GlobalSection(ProjectConfigurationPlatforms) = postSolution
		{192310DF-AB58-4729-A1FE-7F1618384067}.Debug|Any CPU.ActiveCfg = Debug|Any CPU
		{192310DF-AB58-4729-A1FE-7F1618384067}.Debug|Any CPU.Build.0 = Debug|Any CPU
		{192310DF-AB58-4729-A1FE-7F1618384067}.Release|Any CPU.ActiveCfg = Release|Any CPU
		{192310DF-AB58-4729-A1FE-7F1618384067}.Release|Any CPU.Build.0 = Release|Any CPU
	EndGlobalSection
	GlobalSection(SolutionProperties) = preSolution
		HideSolutionNode = FALSE
	EndGlobalSection
	GlobalSection(ExtensibilityGlobals) = postSolution
		SolutionGuid = {8CF62D5C-5A07-4360-A1DE-9EE4494D24EC}
	EndGlobalSection
EndGlobal
